// !$*UTF8*$!
{
	archiveVersion = 1;
	classes = {
	};
	objectVersion = 50;
	objects = {

/* Begin PBXBuildFile section */
		5987E2D7264CCC7700B295BC /* AppDelegate.swift in Sources */ = {isa = PBXBuildFile; fileRef = 5987E2D6264CCC7700B295BC /* AppDelegate.swift */; };
		5987E2D9264CCC7700B295BC /* SceneDelegate.swift in Sources */ = {isa = PBXBuildFile; fileRef = 5987E2D8264CCC7700B295BC /* SceneDelegate.swift */; };
		5987E2DB264CCC7700B295BC /* ViewController.swift in Sources */ = {isa = PBXBuildFile; fileRef = 5987E2DA264CCC7700B295BC /* ViewController.swift */; };
		5987E2DE264CCC7700B295BC /* Main.storyboard in Resources */ = {isa = PBXBuildFile; fileRef = 5987E2DC264CCC7700B295BC /* Main.storyboard */; };
		5987E2E0264CCC9800B295BC /* Assets.xcassets in Resources */ = {isa = PBXBuildFile; fileRef = 5987E2DF264CCC9800B295BC /* Assets.xcassets */; };
		5987E2E3264CCC9800B295BC /* LaunchScreen.storyboard in Resources */ = {isa = PBXBuildFile; fileRef = 5987E2E1264CCC9800B295BC /* LaunchScreen.storyboard */; };
/* End PBXBuildFile section */

/* Begin PBXFileReference section */
		5987E2D3264CCC7600B295BC /* 7SwiftyWordApp.app */ = {isa = PBXFileReference; explicitFileType = wrapper.application; includeInIndex = 0; path = 7SwiftyWordApp.app; sourceTree = BUILT_PRODUCTS_DIR; };
		5987E2D6264CCC7700B295BC /* AppDelegate.swift */ = {isa = PBXFileReference; lastKnownFileType = sourcecode.swift; path = AppDelegate.swift; sourceTree = "<group>"; };
		5987E2D8264CCC7700B295BC /* SceneDelegate.swift */ = {isa = PBXFileReference; lastKnownFileType = sourcecode.swift; path = SceneDelegate.swift; sourceTree = "<group>"; };
		5987E2DA264CCC7700B295BC /* ViewController.swift */ = {isa = PBXFileReference; lastKnownFileType = sourcecode.swift; path = ViewController.swift; sourceTree = "<group>"; };
		5987E2DD264CCC7700B295BC /* Base */ = {isa = PBXFileReference; lastKnownFileType = file.storyboard; name = Base; path = Base.lproj/Main.storyboard; sourceTree = "<group>"; };
		5987E2DF264CCC9800B295BC /* Assets.xcassets */ = {isa = PBXFileReference; lastKnownFileType = folder.assetcatalog; path = Assets.xcassets; sourceTree = "<group>"; };
		5987E2E2264CCC9800B295BC /* Base */ = {isa = PBXFileReference; lastKnownFileType = file.storyboard; name = Base; path = Base.lproj/LaunchScreen.storyboard; sourceTree = "<group>"; };
		5987E2E4264CCC9800B295BC /* Info.plist */ = {isa = PBXFileReference; lastKnownFileType = text.plist.xml; path = Info.plist; sourceTree = "<group>"; };
/* End PBXFileReference section */

/* Begin PBXFrameworksBuildPhase section */
		5987E2D0264CCC7600B295BC /* Frameworks */ = {
			isa = PBXFrameworksBuildPhase;
			buildActionMask = 2147483647;
			files = (
			);
			runOnlyForDeploymentPostprocessing = 0;
		};
/* End PBXFrameworksBuildPhase section */

/* Begin PBXGroup section */
		5987E2CA264CCC7600B295BC = {
			isa = PBXGroup;
			children = (
				5987E2D5264CCC7600B295BC /* 7SwiftyWordApp */,
				5987E2D4264CCC7600B295BC /* Products */,
			);
			sourceTree = "<group>";
		};
		5987E2D4264CCC7600B295BC /* Products */ = {
			isa = PBXGroup;
			children = (
				5987E2D3264CCC7600B295BC /* 7SwiftyWordApp.app */,
			);
			name = Products;
			sourceTree = "<group>";
		};
		5987E2D5264CCC7600B295BC /* 7SwiftyWordApp */ = {
			isa = PBXGroup;
			children = (
				5987E2D6264CCC7700B295BC /* AppDelegate.swift */,
				5987E2D8264CCC7700B295BC /* SceneDelegate.swift */,
				5987E2DA264CCC7700B295BC /* ViewController.swift */,
				5987E2DC264CCC7700B295BC /* Main.storyboard */,
				5987E2DF264CCC9800B295BC /* Assets.xcassets */,
				5987E2E1264CCC9800B295BC /* LaunchScreen.storyboard */,
				5987E2E4264CCC9800B295BC /* Info.plist */,
			);
			path = 7SwiftyWordApp;
			sourceTree = "<group>";
		};
/* End PBXGroup section */

/* Begin PBXNativeTarget section */
		5987E2D2264CCC7600B295BC /* 7SwiftyWordApp */ = {
			isa = PBXNativeTarget;
			buildConfigurationList = 5987E2E7264CCC9800B295BC /* Build configuration list for PBXNativeTarget "7SwiftyWordApp" */;
			buildPhases = (
				5987E2CF264CCC7600B295BC /* Sources */,
				5987E2D0264CCC7600B295BC /* Frameworks */,
				5987E2D1264CCC7600B295BC /* Resources */,
			);
			buildRules = (
			);
			dependencies = (
			);
			name = 7SwiftyWordApp;
			productName = 7SwiftyWordApp;
			productReference = 5987E2D3264CCC7600B295BC /* 7SwiftyWordApp.app */;
			productType = "com.apple.product-type.application";
		};
/* End PBXNativeTarget section */

/* Begin PBXProject section */
		5987E2CB264CCC7600B295BC /* Project object */ = {
			isa = PBXProject;
			attributes = {
				LastSwiftUpdateCheck = 1230;
				LastUpgradeCheck = 1230;
				TargetAttributes = {
					5987E2D2264CCC7600B295BC = {
						CreatedOnToolsVersion = 12.3;
					};
				};
			};
			buildConfigurationList = 5987E2CE264CCC7600B295BC /* Build configuration list for PBXProject "7SwiftyWordApp" */;
			compatibilityVersion = "Xcode 9.3";
			developmentRegion = en;
			hasScannedForEncodings = 0;
			knownRegions = (
				en,
				Base,
			);
			mainGroup = 5987E2CA264CCC7600B295BC;
			productRefGroup = 5987E2D4264CCC7600B295BC /* Products */;
			projectDirPath = "";
			projectRoot = "";
			targets = (
				5987E2D2264CCC7600B295BC /* 7SwiftyWordApp */,
			);
		};
/* End PBXProject section */

/* Begin PBXResourcesBuildPhase section */
		5987E2D1264CCC7600B295BC /* Resources */ = {
			isa = PBXResourcesBuildPhase;
			buildActionMask = 2147483647;
			files = (
				5987E2E3264CCC9800B295BC /* LaunchScreen.storyboard in Resources */,
				5987E2E0264CCC9800B295BC /* Assets.xcassets in Resources */,
				5987E2DE264CCC7700B295BC /* Main.storyboard in Resources */,
			);
			runOnlyForDeploymentPostprocessing = 0;
		};
/* End PBXResourcesBuildPhase section */

/* Begin PBXSourcesBuildPhase section */
		5987E2CF264CCC7600B295BC /* Sources */ = {
			isa = PBXSourcesBuildPhase;
			buildActionMask = 2147483647;
			files = (
				5987E2DB264CCC7700B295BC /* ViewController.swift in Sources */,
				5987E2D7264CCC7700B295BC /* AppDelegate.swift in Sources */,
				5987E2D9264CCC7700B295BC /* SceneDelegate.swift in Sources */,
			);
			runOnlyForDeploymentPostprocessing = 0;
		};
/* End PBXSourcesBuildPhase section */

/* Begin PBXVariantGroup section */
		5987E2DC264CCC7700B295BC /* Main.storyboard */ = {
			isa = PBXVariantGroup;
			children = (
				5987E2DD264CCC7700B295BC /* Base */,
			);
			name = Main.storyboard;
			sourceTree = "<group>";
		};
		5987E2E1264CCC9800B295BC /* LaunchScreen.storyboard */ = {
			isa = PBXVariantGroup;
			children = (
				5987E2E2264CCC9800B295BC /* Base */,
			);
			name = LaunchScreen.storyboard;
			sourceTree = "<group>";
		};
/* End PBXVariantGroup section */

/* Begin XCBuildConfiguration section */
		5987E2E5264CCC9800B295BC /* Debug */ = {
			isa = XCBuildConfiguration;
			buildSettings = {
				ALWAYS_SEARCH_USER_PATHS = NO;
				CLANG_ANALYZER_NONNULL = YES;
				CLANG_ANALYZER_NUMBER_OBJECT_CONVERSION = YES_AGGRESSIVE;
				CLANG_CXX_LANGUAGE_STANDARD = "gnu++14";
				CLANG_CXX_LIBRARY = "libc++";
				CLANG_ENABLE_MODULES = YES;
				CLANG_ENABLE_OBJC_ARC = YES;
				CLANG_ENABLE_OBJC_WEAK = YES;
				CLANG_WARN_BLOCK_CAPTURE_AUTORELEASING = YES;
				CLANG_WARN_BOOL_CONVERSION = YES;
				CLANG_WARN_COMMA = YES;
				CLANG_WARN_CONSTANT_CONVERSION = YES;
				CLANG_WARN_DEPRECATED_OBJC_IMPLEMENTATIONS = YES;
				CLANG_WARN_DIRECT_OBJC_ISA_USAGE = YES_ERROR;
				CLANG_WARN_DOCUMENTATION_COMMENTS = YES;
				CLANG_WARN_EMPTY_BODY = YES;
				CLANG_WARN_ENUM_CONVERSION = YES;
				CLANG_WARN_INFINITE_RECURSION = YES;
				CLANG_WARN_INT_CONVERSION = YES;
				CLANG_WARN_NON_LITERAL_NULL_CONVERSION = YES;
				CLANG_WARN_OBJC_IMPLICIT_RETAIN_SELF = YES;
				CLANG_WARN_OBJC_LITERAL_CONVERSION = YES;
				CLANG_WARN_OBJC_ROOT_CLASS = YES_ERROR;
				CLANG_WARN_QUOTED_INCLUDE_IN_FRAMEWORK_HEADER = YES;
				CLANG_WARN_RANGE_LOOP_ANALYSIS = YES;
				CLANG_WARN_STRICT_PROTOTYPES = YES;
				CLANG_WARN_SUSPICIOUS_MOVE = YES;
				CLANG_WARN_UNGUARDED_AVAILABILITY = YES_AGGRESSIVE;
				CLANG_WARN_UNREACHABLE_CODE = YES;
				CLANG_WARN__DUPLICATE_METHOD_MATCH = YES;
				COPY_PHASE_STRIP = NO;
				DEBUG_INFORMATION_FORMAT = dwarf;
				ENABLE_STRICT_OBJC_MSGSEND = YES;
				ENABLE_TESTABILITY = YES;
				GCC_C_LANGUAGE_STANDARD = gnu11;
				GCC_DYNAMIC_NO_PIC = NO;
				GCC_NO_COMMON_BLOCKS = YES;
				GCC_OPTIMIZATION_LEVEL = 0;
				GCC_PREPROCESSOR_DEFINITIONS = (
					"DEBUG=1",
					"$(inherited)",
				);
				GCC_WARN_64_TO_32_BIT_CONVERSION = YES;
				GCC_WARN_ABOUT_RETURN_TYPE = YES_ERROR;
				GCC_WARN_UNDECLARED_SELECTOR = YES;
				GCC_WARN_UNINITIALIZED_AUTOS = YES_AGGRESSIVE;
				GCC_WARN_UNUSED_FUNCTION = YES;
				GCC_WARN_UNUSED_VARIABLE = YES;
				IPHONEOS_DEPLOYMENT_TARGET = 14.3;
				MTL_ENABLE_DEBUG_INFO = INCLUDE_SOURCE;
				MTL_FAST_MATH = YES;
				ONLY_ACTIVE_ARCH = YES;
				SDKROOT = iphoneos;
				SWIFT_ACTIVE_COMPILATION_CONDITIONS = DEBUG;
				SWIFT_OPTIMIZATION_LEVEL = "-Onone";
			};
			name = Debug;
		};
		5987E2E6264CCC9800B295BC /* Release */ = {
			isa = XCBuildConfiguration;
			buildSettings = {
				ALWAYS_SEARCH_USER_PATHS = NO;
				CLANG_ANALYZER_NONNULL = YES;
				CLANG_ANALYZER_NUMBER_OBJECT_CONVERSION = YES_AGGRESSIVE;
				CLANG_CXX_LANGUAGE_STANDARD = "gnu++14";
				CLANG_CXX_LIBRARY = "libc++";
				CLANG_ENABLE_MODULES = YES;
				CLANG_ENABLE_OBJC_ARC = YES;
				CLANG_ENABLE_OBJC_WEAK = YES;
				CLANG_WARN_BLOCK_CAPTURE_AUTORELEASING = YES;
				CLANG_WARN_BOOL_CONVERSION = YES;
				CLANG_WARN_COMMA = YES;
				CLANG_WARN_CONSTANT_CONVERSION = YES;
				CLANG_WARN_DEPRECATED_OBJC_IMPLEMENTATIONS = YES;
				CLANG_WARN_DIRECT_OBJC_ISA_USAGE = YES_ERROR;
				CLANG_WARN_DOCUMENTATION_COMMENTS = YES;
				CLANG_WARN_EMPTY_BODY = YES;
				CLANG_WARN_ENUM_CONVERSION = YES;
				CLANG_WARN_INFINITE_RECURSION = YES;
				CLANG_WARN_INT_CONVERSION = YES;
				CLANG_WARN_NON_LITERAL_NULL_CONVERSION = YES;
				CLANG_WARN_OBJC_IMPLICIT_RETAIN_SELF = YES;
				CLANG_WARN_OBJC_LITERAL_CONVERSION = YES;
				CLANG_WARN_OBJC_ROOT_CLASS = YES_ERROR;
				CLANG_WARN_QUOTED_INCLUDE_IN_FRAMEWORK_HEADER = YES;
				CLANG_WARN_RANGE_LOOP_ANALYSIS = YES;
				CLANG_WARN_STRICT_PROTOTYPES = YES;
				CLANG_WARN_SUSPICIOUS_MOVE = YES;
				CLANG_WARN_UNGUARDED_AVAILABILITY = YES_AGGRESSIVE;
				CLANG_WARN_UNREACHABLE_CODE = YES;
				CLANG_WARN__DUPLICATE_METHOD_MATCH = YES;
				COPY_PHASE_STRIP = NO;
				DEBUG_INFORMATION_FORMAT = "dwarf-with-dsym";
				ENABLE_NS_ASSERTIONS = NO;
				ENABLE_STRICT_OBJC_MSGSEND = YES;
				GCC_C_LANGUAGE_STANDARD = gnu11;
				GCC_NO_COMMON_BLOCKS = YES;
				GCC_WARN_64_TO_32_BIT_CONVERSION = YES;
				GCC_WARN_ABOUT_RETURN_TYPE = YES_ERROR;
				GCC_WARN_UNDECLARED_SELECTOR = YES;
				GCC_WARN_UNINITIALIZED_AUTOS = YES_AGGRESSIVE;
				GCC_WARN_UNUSED_FUNCTION = YES;
				GCC_WARN_UNUSED_VARIABLE = YES;
				IPHONEOS_DEPLOYMENT_TARGET = 14.3;
				MTL_ENABLE_DEBUG_INFO = NO;
				MTL_FAST_MATH = YES;
				SDKROOT = iphoneos;
				SWIFT_COMPILATION_MODE = wholemodule;
				SWIFT_OPTIMIZATION_LEVEL = "-O";
				VALIDATE_PRODUCT = YES;
			};
			name = Release;
		};
		5987E2E8264CCC9800B295BC /* Debug */ = {
			isa = XCBuildConfiguration;
			buildSettings = {
				ASSETCATALOG_COMPILER_APPICON_NAME = AppIcon;
				ASSETCATALOG_COMPILER_GLOBAL_ACCENT_COLOR_NAME = AccentColor;
				CODE_SIGN_STYLE = Automatic;
				DEVELOPMENT_TEAM = TG8EZK4MUZ;
				INFOPLIST_FILE = 7SwiftyWordApp/Info.plist;
				LD_RUNPATH_SEARCH_PATHS = (
					"$(inherited)",
					"@executable_path/Frameworks",
				);
				PRODUCT_BUNDLE_IDENTIFIER = "com.globalworldtech.-SwiftyWordApp";
				PRODUCT_NAME = "$(TARGET_NAME)";
				SWIFT_VERSION = 5.0;
				TARGETED_DEVICE_FAMILY = "1,2";
			};
			name = Debug;
		};
		5987E2E9264CCC9800B295BC /* Release */ = {
			isa = XCBuildConfiguration;
			buildSettings = {
				ASSETCATALOG_COMPILER_APPICON_NAME = AppIcon;
				ASSETCATALOG_COMPILER_GLOBAL_ACCENT_COLOR_NAME = AccentColor;
				CODE_SIGN_STYLE = Automatic;
				DEVELOPMENT_TEAM = TG8EZK4MUZ;
				INFOPLIST_FILE = 7SwiftyWordApp/Info.plist;
				LD_RUNPATH_SEARCH_PATHS = (
					"$(inherited)",
					"@executable_path/Frameworks",
				);
				PRODUCT_BUNDLE_IDENTIFIER = "com.globalworldtech.-SwiftyWordApp";
				PRODUCT_NAME = "$(TARGET_NAME)";
				SWIFT_VERSION = 5.0;
				TARGETED_DEVICE_FAMILY = "1,2";
			};
			name = Release;
		};
/* End XCBuildConfiguration section */

/* Begin XCConfigurationList section */
		5987E2CE264CCC7600B295BC /* Build configuration list for PBXProject "7SwiftyWordApp" */ = {
			isa = XCConfigurationList;
			buildConfigurations = (
				5987E2E5264CCC9800B295BC /* Debug */,
				5987E2E6264CCC9800B295BC /* Release */,
			);
			defaultConfigurationIsVisible = 0;
			defaultConfigurationName = Release;
		};
		5987E2E7264CCC9800B295BC /* Build configuration list for PBXNativeTarget "7SwiftyWordApp" */ = {
			isa = XCConfigurationList;
			buildConfigurations = (
				5987E2E8264CCC9800B295BC /* Debug */,
				5987E2E9264CCC9800B295BC /* Release */,
			);
			defaultConfigurationIsVisible = 0;
			defaultConfigurationName = Release;
		};
/* End XCConfigurationList section */
	};
	rootObject = 5987E2CB264CCC7600B295BC /* Project object */;
}
